
Microsoft Visual Studio Solution File, Format Version 12.00
# Visual Studio Version 17
VisualStudioVersion = 17.4.33213.308
MinimumVisualStudioVersion = 10.0.40219.1
Project("{FAE04EC0-301F-11D3-BF4B-00C04F79EFBC}") = "DeployEntityFramework", "DeployEntityFramework.csproj", "{9001FE99-76D3-4EA6-BE94-B5FC6DC53BDE}"
EndProject
Global
	GlobalSection(SolutionConfigurationPlatforms) = preSolution
		Debug|Any CPU = Debug|Any CPU
		Release|Any CPU = Release|Any CPU
	EndGlobalSection
	GlobalSection(ProjectConfigurationPlatforms) = postSolution
		{9001FE99-76D3-4EA6-BE94-B5FC6DC53BDE}.Debug|Any CPU.ActiveCfg = Debug|Any CPU
		{9001FE99-76D3-4EA6-BE94-B5FC6DC53BDE}.Debug|Any CPU.Build.0 = Debug|Any CPU
		{9001FE99-76D3-4EA6-BE94-B5FC6DC53BDE}.Release|Any CPU.ActiveCfg = Release|Any CPU
		{9001FE99-76D3-4EA6-BE94-B5FC6DC53BDE}.Release|Any CPU.Build.0 = Release|Any CPU
	EndGlobalSection
	GlobalSection(SolutionProperties) = preSolution
		HideSolutionNode = FALSE
	EndGlobalSection
	GlobalSection(ExtensibilityGlobals) = postSolution
		SolutionGuid = {64082DE4-DB76-45D4-B042-43D7195394F4}
	EndGlobalSection
EndGlobal
